
Microsoft Visual Studio Solution File, Format Version 12.00
# Visual Studio Version 16
VisualStudioVersion = 25.0.1700.0
MinimumVisualStudioVersion = 10.0.40219.1
Project("{FAE04EC0-301F-11D3-BF4B-00C04F79EFBC}") = "Fodinha.Android", "Fodinha\Fodinha.Android\Fodinha.Android.csproj", "{8CEC3DAE-2581-4017-B53A-A64FF713EAC6}"
EndProject
Project("{FAE04EC0-301F-11D3-BF4B-00C04F79EFBC}") = "Fodinha.iOS", "Fodinha\Fodinha.iOS\Fodinha.iOS.csproj", "{17FF9B2F-E6AE-47C7-AE4B-A3FD5E4D2227}"
EndProject
Project("{FAE04EC0-301F-11D3-BF4B-00C04F79EFBC}") = "Fodinha", "Fodinha\Fodinha\Fodinha.csproj", "{AC053296-AFB2-466C-AEF9-10D4182623CB}"
EndProject
Global
	GlobalSection(SolutionConfigurationPlatforms) = preSolution
		Debug|Any CPU = Debug|Any CPU
		Release|Any CPU = Release|Any CPU
		Debug|iPhoneSimulator = Debug|iPhoneSimulator
		Release|iPhoneSimulator = Release|iPhoneSimulator
		Debug|iPhone = Debug|iPhone
		Release|iPhone = Release|iPhone
	EndGlobalSection
	GlobalSection(ProjectConfigurationPlatforms) = postSolution
		{8CEC3DAE-2581-4017-B53A-A64FF713EAC6}.Debug|Any CPU.ActiveCfg = Debug|Any CPU
		{8CEC3DAE-2581-4017-B53A-A64FF713EAC6}.Debug|Any CPU.Build.0 = Debug|Any CPU
		{8CEC3DAE-2581-4017-B53A-A64FF713EAC6}.Release|Any CPU.ActiveCfg = Release|Any CPU
		{8CEC3DAE-2581-4017-B53A-A64FF713EAC6}.Release|Any CPU.Build.0 = Release|Any CPU
		{8CEC3DAE-2581-4017-B53A-A64FF713EAC6}.Debug|iPhoneSimulator.ActiveCfg = Debug|Any CPU
		{8CEC3DAE-2581-4017-B53A-A64FF713EAC6}.Debug|iPhoneSimulator.Build.0 = Debug|Any CPU
		{8CEC3DAE-2581-4017-B53A-A64FF713EAC6}.Release|iPhoneSimulator.ActiveCfg = Release|Any CPU
		{8CEC3DAE-2581-4017-B53A-A64FF713EAC6}.Release|iPhoneSimulator.Build.0 = Release|Any CPU
		{8CEC3DAE-2581-4017-B53A-A64FF713EAC6}.Debug|iPhone.ActiveCfg = Debug|Any CPU
		{8CEC3DAE-2581-4017-B53A-A64FF713EAC6}.Debug|iPhone.Build.0 = Debug|Any CPU
		{8CEC3DAE-2581-4017-B53A-A64FF713EAC6}.Release|iPhone.ActiveCfg = Release|Any CPU
		{8CEC3DAE-2581-4017-B53A-A64FF713EAC6}.Release|iPhone.Build.0 = Release|Any CPU
		{17FF9B2F-E6AE-47C7-AE4B-A3FD5E4D2227}.Debug|Any CPU.ActiveCfg = Debug|iPhoneSimulator
		{17FF9B2F-E6AE-47C7-AE4B-A3FD5E4D2227}.Debug|Any CPU.Build.0 = Debug|iPhoneSimulator
		{17FF9B2F-E6AE-47C7-AE4B-A3FD5E4D2227}.Release|Any CPU.ActiveCfg = Release|iPhoneSimulator
		{17FF9B2F-E6AE-47C7-AE4B-A3FD5E4D2227}.Release|Any CPU.Build.0 = Release|iPhoneSimulator
		{17FF9B2F-E6AE-47C7-AE4B-A3FD5E4D2227}.Debug|iPhoneSimulator.ActiveCfg = Debug|iPhoneSimulator
		{17FF9B2F-E6AE-47C7-AE4B-A3FD5E4D2227}.Debug|iPhoneSimulator.Build.0 = Debug|iPhoneSimulator
		{17FF9B2F-E6AE-47C7-AE4B-A3FD5E4D2227}.Release|iPhoneSimulator.ActiveCfg = Release|iPhoneSimulator
		{17FF9B2F-E6AE-47C7-AE4B-A3FD5E4D2227}.Release|iPhoneSimulator.Build.0 = Release|iPhoneSimulator
		{17FF9B2F-E6AE-47C7-AE4B-A3FD5E4D2227}.Debug|iPhone.ActiveCfg = Debug|iPhone
		{17FF9B2F-E6AE-47C7-AE4B-A3FD5E4D2227}.Debug|iPhone.Build.0 = Debug|iPhone
		{17FF9B2F-E6AE-47C7-AE4B-A3FD5E4D2227}.Release|iPhone.ActiveCfg = Release|iPhone
		{17FF9B2F-E6AE-47C7-AE4B-A3FD5E4D2227}.Release|iPhone.Build.0 = Release|iPhone
		{AC053296-AFB2-466C-AEF9-10D4182623CB}.Debug|Any CPU.ActiveCfg = Debug|Any CPU
		{AC053296-AFB2-466C-AEF9-10D4182623CB}.Debug|Any CPU.Build.0 = Debug|Any CPU
		{AC053296-AFB2-466C-AEF9-10D4182623CB}.Release|Any CPU.ActiveCfg = Release|Any CPU
		{AC053296-AFB2-466C-AEF9-10D4182623CB}.Release|Any CPU.Build.0 = Release|Any CPU
		{AC053296-AFB2-466C-AEF9-10D4182623CB}.Debug|iPhoneSimulator.ActiveCfg = Debug|Any CPU
		{AC053296-AFB2-466C-AEF9-10D4182623CB}.Debug|iPhoneSimulator.Build.0 = Debug|Any CPU
		{AC053296-AFB2-466C-AEF9-10D4182623CB}.Release|iPhoneSimulator.ActiveCfg = Release|Any CPU
		{AC053296-AFB2-466C-AEF9-10D4182623CB}.Release|iPhoneSimulator.Build.0 = Release|Any CPU
		{AC053296-AFB2-466C-AEF9-10D4182623CB}.Debug|iPhone.ActiveCfg = Debug|Any CPU
		{AC053296-AFB2-466C-AEF9-10D4182623CB}.Debug|iPhone.Build.0 = Debug|Any CPU
		{AC053296-AFB2-466C-AEF9-10D4182623CB}.Release|iPhone.ActiveCfg = Release|Any CPU
		{AC053296-AFB2-466C-AEF9-10D4182623CB}.Release|iPhone.Build.0 = Release|Any CPU
	EndGlobalSection
	GlobalSection(SolutionProperties) = preSolution
		HideSolutionNode = FALSE
	EndGlobalSection
	GlobalSection(ExtensibilityGlobals) = postSolution
		SolutionGuid = {BD810684-ED42-4425-90AF-34DD2356A321}
	EndGlobalSection
EndGlobal
